
Microsoft Visual Studio Solution File, Format Version 12.00
# Visual Studio Version 17
VisualStudioVersion = 17.13.36105.23 d17.13
MinimumVisualStudioVersion = 10.0.40219.1
Project("{FAE04EC0-301F-11D3-BF4B-00C04F79EFBC}") = "RoomDecor.API", "RoomDecor.API.csproj", "{FDBE9E84-4C1B-48BC-9571-A9D44B804756}"
EndProject
Global
	GlobalSection(SolutionConfigurationPlatforms) = preSolution
		Debug|Any CPU = Debug|Any CPU
		Release|Any CPU = Release|Any CPU
	EndGlobalSection
	GlobalSection(ProjectConfigurationPlatforms) = postSolution
		{FDBE9E84-4C1B-48BC-9571-A9D44B804756}.Debug|Any CPU.ActiveCfg = Debug|Any CPU
		{FDBE9E84-4C1B-48BC-9571-A9D44B804756}.Debug|Any CPU.Build.0 = Debug|Any CPU
		{FDBE9E84-4C1B-48BC-9571-A9D44B804756}.Release|Any CPU.ActiveCfg = Release|Any CPU
		{FDBE9E84-4C1B-48BC-9571-A9D44B804756}.Release|Any CPU.Build.0 = Release|Any CPU
	EndGlobalSection
	GlobalSection(SolutionProperties) = preSolution
		HideSolutionNode = FALSE
	EndGlobalSection
	GlobalSection(ExtensibilityGlobals) = postSolution
		SolutionGuid = {FE1FCD49-C1CA-4D20-854E-2905ACE3FC45}
	EndGlobalSection
EndGlobal
